
Microsoft Visual Studio Solution File, Format Version 12.00
# Visual Studio Version 17
VisualStudioVersion = 17.9.34701.34
MinimumVisualStudioVersion = 10.0.40219.1
Project("{FAE04EC0-301F-11D3-BF4B-00C04F79EFBC}") = "IdentityServer7.AccessTokenValidation", "IdentityServer7.AccessTokenValidation.csproj", "{12511D16-E63F-4C1C-99D4-2FF4C2912C95}"
EndProject
Global
	GlobalSection(SolutionConfigurationPlatforms) = preSolution
		Debug|Any CPU = Debug|Any CPU
		Release|Any CPU = Release|Any CPU
	EndGlobalSection
	GlobalSection(ProjectConfigurationPlatforms) = postSolution
		{12511D16-E63F-4C1C-99D4-2FF4C2912C95}.Debug|Any CPU.ActiveCfg = Debug|Any CPU
		{12511D16-E63F-4C1C-99D4-2FF4C2912C95}.Debug|Any CPU.Build.0 = Debug|Any CPU
		{12511D16-E63F-4C1C-99D4-2FF4C2912C95}.Release|Any CPU.ActiveCfg = Release|Any CPU
		{12511D16-E63F-4C1C-99D4-2FF4C2912C95}.Release|Any CPU.Build.0 = Release|Any CPU
	EndGlobalSection
	GlobalSection(SolutionProperties) = preSolution
		HideSolutionNode = FALSE
	EndGlobalSection
	GlobalSection(ExtensibilityGlobals) = postSolution
		SolutionGuid = {6DFFD807-2C3A-4BBF-B899-6268F4D20531}
	EndGlobalSection
EndGlobal
